
Microsoft Visual Studio Solution File, Format Version 12.00
# Visual Studio Version 17
VisualStudioVersion = 17.14.36327.8
MinimumVisualStudioVersion = 10.0.40219.1
Project("{2150E333-8FDC-42A3-9474-1A3956D46DE8}") = "Services", "Services", "{02EA681E-C7D8-13C7-8484-4AC65E1B71E8}"
EndProject
Project("{2150E333-8FDC-42A3-9474-1A3956D46DE8}") = "Catalog", "Catalog", "{6A4C2E4D-D18C-4D4C-9333-1BE499F9828B}"
EndProject
Project("{FAE04EC0-301F-11D3-BF4B-00C04F79EFBC}") = "Catalog.Api", "Services\Catalog\Catalog.Api\Catalog.Api.csproj", "{F026EA44-02A2-4AA1-B6F2-55916845DA01}"
EndProject
Project("{2150E333-8FDC-42A3-9474-1A3956D46DE8}") = "BuildingBlocks", "BuildingBlocks", "{C9AA69A8-9619-43D2-AE35-16195CAD1E17}"
EndProject
Project("{FAE04EC0-301F-11D3-BF4B-00C04F79EFBC}") = "BuildingBlocks", "BuildingBlocks\BuildingBlocks\BuildingBlocks.csproj", "{7E0EA66B-2A6F-4B44-AD76-5B1666449F11}"
EndProject
Project("{E53339B2-1760-4266-BCC7-CA923CBCF16C}") = "docker-compose", "docker-compose.dcproj", "{81DDED9D-158B-E303-5F62-77A2896D2A5A}"
EndProject
Project("{2150E333-8FDC-42A3-9474-1A3956D46DE8}") = "Basket", "Basket", "{527AC479-23CA-4213-B2E5-F79D5D635271}"
EndProject
Project("{FAE04EC0-301F-11D3-BF4B-00C04F79EFBC}") = "Basket.Api", "Services\Basket\Basket.Api\Basket.Api.csproj", "{BD73B45B-4408-4663-A72E-95DC5D92A6DA}"
EndProject
Project("{2150E333-8FDC-42A3-9474-1A3956D46DE8}") = "Discount", "Discount", "{9A8EE210-B45F-4699-9322-6F6CAEEE73D8}"
EndProject
Project("{FAE04EC0-301F-11D3-BF4B-00C04F79EFBC}") = "Discount.Grpc", "Services\Discount\Discount.Grpc\Discount.Grpc.csproj", "{2F63FF98-4BBF-44E3-B4E8-8F7861F88891}"
EndProject
Project("{2150E333-8FDC-42A3-9474-1A3956D46DE8}") = "Ordering", "Ordering", "{D02FF6A8-C728-4871-A39E-D2F9E300B208}"
EndProject
Project("{FAE04EC0-301F-11D3-BF4B-00C04F79EFBC}") = "Ordering.API", "Services\Ordering\Ordering.API\Ordering.API.csproj", "{D10ECE16-C7FE-43DB-8DB5-66C2B88E161D}"
EndProject
Project("{FAE04EC0-301F-11D3-BF4B-00C04F79EFBC}") = "Ordering.Domain", "Services\Ordering\Ordering.Domain\Ordering.Domain.csproj", "{19E10490-DB59-4978-9481-B2F8FF4AC890}"
EndProject
Project("{FAE04EC0-301F-11D3-BF4B-00C04F79EFBC}") = "Ordering.Application", "Services\Ordering\Ordering.Application\Ordering.Application.csproj", "{2DD6A791-0F1A-4C0C-BC0D-93F6E1676D1C}"
EndProject
Project("{FAE04EC0-301F-11D3-BF4B-00C04F79EFBC}") = "Ordering.Infrastructure", "Services\Ordering\Ordering.Infrastructure\Ordering.Infrastructure.csproj", "{57E30D9D-6086-461C-876F-2B7873A5C598}"
EndProject
Project("{FAE04EC0-301F-11D3-BF4B-00C04F79EFBC}") = "BuildingBlocks.Messaging", "BuildingBlocks\BuildingBlocks.Messaging\BuildingBlocks.Messaging.csproj", "{12512057-CE08-4686-BE96-A3971FE06E63}"
EndProject
Project("{2150E333-8FDC-42A3-9474-1A3956D46DE8}") = "ApiGateways", "ApiGateways", "{244697A2-2FDE-46B3-9EC6-12EEFFE33C9F}"
EndProject
Project("{FAE04EC0-301F-11D3-BF4B-00C04F79EFBC}") = "YarpApiGateway", "ApiGateways\YarpApiGateway\YarpApiGateway.csproj", "{D625A6EC-29D9-46D1-913F-A3468E613E15}"
EndProject
Project("{2150E333-8FDC-42A3-9474-1A3956D46DE8}") = "WebApps", "WebApps", "{1AB65EBA-2ED6-453E-B2CD-E2464370E9BB}"
EndProject
Project("{FAE04EC0-301F-11D3-BF4B-00C04F79EFBC}") = "Shopping.Web", "WebApps\Shopping.Web\Shopping.Web.csproj", "{B2272BBF-B585-4542-A364-94514F62F0AD}"
EndProject
Global
	GlobalSection(SolutionConfigurationPlatforms) = preSolution
		Debug|Any CPU = Debug|Any CPU
		Release|Any CPU = Release|Any CPU
	EndGlobalSection
	GlobalSection(ProjectConfigurationPlatforms) = postSolution
		{F026EA44-02A2-4AA1-B6F2-55916845DA01}.Debug|Any CPU.ActiveCfg = Debug|Any CPU
		{F026EA44-02A2-4AA1-B6F2-55916845DA01}.Debug|Any CPU.Build.0 = Debug|Any CPU
		{F026EA44-02A2-4AA1-B6F2-55916845DA01}.Release|Any CPU.ActiveCfg = Release|Any CPU
		{F026EA44-02A2-4AA1-B6F2-55916845DA01}.Release|Any CPU.Build.0 = Release|Any CPU
		{7E0EA66B-2A6F-4B44-AD76-5B1666449F11}.Debug|Any CPU.ActiveCfg = Debug|Any CPU
		{7E0EA66B-2A6F-4B44-AD76-5B1666449F11}.Debug|Any CPU.Build.0 = Debug|Any CPU
		{7E0EA66B-2A6F-4B44-AD76-5B1666449F11}.Release|Any CPU.ActiveCfg = Release|Any CPU
		{7E0EA66B-2A6F-4B44-AD76-5B1666449F11}.Release|Any CPU.Build.0 = Release|Any CPU
		{81DDED9D-158B-E303-5F62-77A2896D2A5A}.Debug|Any CPU.ActiveCfg = Debug|Any CPU
		{81DDED9D-158B-E303-5F62-77A2896D2A5A}.Debug|Any CPU.Build.0 = Debug|Any CPU
		{81DDED9D-158B-E303-5F62-77A2896D2A5A}.Release|Any CPU.ActiveCfg = Release|Any CPU
		{81DDED9D-158B-E303-5F62-77A2896D2A5A}.Release|Any CPU.Build.0 = Release|Any CPU
		{BD73B45B-4408-4663-A72E-95DC5D92A6DA}.Debug|Any CPU.ActiveCfg = Debug|Any CPU
		{BD73B45B-4408-4663-A72E-95DC5D92A6DA}.Debug|Any CPU.Build.0 = Debug|Any CPU
		{BD73B45B-4408-4663-A72E-95DC5D92A6DA}.Release|Any CPU.ActiveCfg = Release|Any CPU
		{BD73B45B-4408-4663-A72E-95DC5D92A6DA}.Release|Any CPU.Build.0 = Release|Any CPU
		{2F63FF98-4BBF-44E3-B4E8-8F7861F88891}.Debug|Any CPU.ActiveCfg = Debug|Any CPU
		{2F63FF98-4BBF-44E3-B4E8-8F7861F88891}.Debug|Any CPU.Build.0 = Debug|Any CPU
		{2F63FF98-4BBF-44E3-B4E8-8F7861F88891}.Release|Any CPU.ActiveCfg = Release|Any CPU
		{2F63FF98-4BBF-44E3-B4E8-8F7861F88891}.Release|Any CPU.Build.0 = Release|Any CPU
		{D10ECE16-C7FE-43DB-8DB5-66C2B88E161D}.Debug|Any CPU.ActiveCfg = Debug|Any CPU
		{D10ECE16-C7FE-43DB-8DB5-66C2B88E161D}.Debug|Any CPU.Build.0 = Debug|Any CPU
		{D10ECE16-C7FE-43DB-8DB5-66C2B88E161D}.Release|Any CPU.ActiveCfg = Release|Any CPU
		{D10ECE16-C7FE-43DB-8DB5-66C2B88E161D}.Release|Any CPU.Build.0 = Release|Any CPU
		{19E10490-DB59-4978-9481-B2F8FF4AC890}.Debug|Any CPU.ActiveCfg = Debug|Any CPU
		{19E10490-DB59-4978-9481-B2F8FF4AC890}.Debug|Any CPU.Build.0 = Debug|Any CPU
		{19E10490-DB59-4978-9481-B2F8FF4AC890}.Release|Any CPU.ActiveCfg = Release|Any CPU
		{19E10490-DB59-4978-9481-B2F8FF4AC890}.Release|Any CPU.Build.0 = Release|Any CPU
		{2DD6A791-0F1A-4C0C-BC0D-93F6E1676D1C}.Debug|Any CPU.ActiveCfg = Debug|Any CPU
		{2DD6A791-0F1A-4C0C-BC0D-93F6E1676D1C}.Debug|Any CPU.Build.0 = Debug|Any CPU
		{2DD6A791-0F1A-4C0C-BC0D-93F6E1676D1C}.Release|Any CPU.ActiveCfg = Release|Any CPU
		{2DD6A791-0F1A-4C0C-BC0D-93F6E1676D1C}.Release|Any CPU.Build.0 = Release|Any CPU
		{57E30D9D-6086-461C-876F-2B7873A5C598}.Debug|Any CPU.ActiveCfg = Debug|Any CPU
		{57E30D9D-6086-461C-876F-2B7873A5C598}.Debug|Any CPU.Build.0 = Debug|Any CPU
		{57E30D9D-6086-461C-876F-2B7873A5C598}.Release|Any CPU.ActiveCfg = Release|Any CPU
		{57E30D9D-6086-461C-876F-2B7873A5C598}.Release|Any CPU.Build.0 = Release|Any CPU
		{12512057-CE08-4686-BE96-A3971FE06E63}.Debug|Any CPU.ActiveCfg = Debug|Any CPU
		{12512057-CE08-4686-BE96-A3971FE06E63}.Debug|Any CPU.Build.0 = Debug|Any CPU
		{12512057-CE08-4686-BE96-A3971FE06E63}.Release|Any CPU.ActiveCfg = Release|Any CPU
		{12512057-CE08-4686-BE96-A3971FE06E63}.Release|Any CPU.Build.0 = Release|Any CPU
		{D625A6EC-29D9-46D1-913F-A3468E613E15}.Debug|Any CPU.ActiveCfg = Debug|Any CPU
		{D625A6EC-29D9-46D1-913F-A3468E613E15}.Debug|Any CPU.Build.0 = Debug|Any CPU
		{D625A6EC-29D9-46D1-913F-A3468E613E15}.Release|Any CPU.ActiveCfg = Release|Any CPU
		{D625A6EC-29D9-46D1-913F-A3468E613E15}.Release|Any CPU.Build.0 = Release|Any CPU
		{B2272BBF-B585-4542-A364-94514F62F0AD}.Debug|Any CPU.ActiveCfg = Debug|Any CPU
		{B2272BBF-B585-4542-A364-94514F62F0AD}.Debug|Any CPU.Build.0 = Debug|Any CPU
		{B2272BBF-B585-4542-A364-94514F62F0AD}.Release|Any CPU.ActiveCfg = Release|Any CPU
		{B2272BBF-B585-4542-A364-94514F62F0AD}.Release|Any CPU.Build.0 = Release|Any CPU
	EndGlobalSection
	GlobalSection(SolutionProperties) = preSolution
		HideSolutionNode = FALSE
	EndGlobalSection
	GlobalSection(NestedProjects) = preSolution
		{6A4C2E4D-D18C-4D4C-9333-1BE499F9828B} = {02EA681E-C7D8-13C7-8484-4AC65E1B71E8}
		{F026EA44-02A2-4AA1-B6F2-55916845DA01} = {6A4C2E4D-D18C-4D4C-9333-1BE499F9828B}
		{7E0EA66B-2A6F-4B44-AD76-5B1666449F11} = {C9AA69A8-9619-43D2-AE35-16195CAD1E17}
		{527AC479-23CA-4213-B2E5-F79D5D635271} = {02EA681E-C7D8-13C7-8484-4AC65E1B71E8}
		{BD73B45B-4408-4663-A72E-95DC5D92A6DA} = {527AC479-23CA-4213-B2E5-F79D5D635271}
		{9A8EE210-B45F-4699-9322-6F6CAEEE73D8} = {02EA681E-C7D8-13C7-8484-4AC65E1B71E8}
		{2F63FF98-4BBF-44E3-B4E8-8F7861F88891} = {9A8EE210-B45F-4699-9322-6F6CAEEE73D8}
		{D02FF6A8-C728-4871-A39E-D2F9E300B208} = {02EA681E-C7D8-13C7-8484-4AC65E1B71E8}
		{D10ECE16-C7FE-43DB-8DB5-66C2B88E161D} = {D02FF6A8-C728-4871-A39E-D2F9E300B208}
		{19E10490-DB59-4978-9481-B2F8FF4AC890} = {D02FF6A8-C728-4871-A39E-D2F9E300B208}
		{2DD6A791-0F1A-4C0C-BC0D-93F6E1676D1C} = {D02FF6A8-C728-4871-A39E-D2F9E300B208}
		{57E30D9D-6086-461C-876F-2B7873A5C598} = {D02FF6A8-C728-4871-A39E-D2F9E300B208}
		{12512057-CE08-4686-BE96-A3971FE06E63} = {C9AA69A8-9619-43D2-AE35-16195CAD1E17}
		{D625A6EC-29D9-46D1-913F-A3468E613E15} = {244697A2-2FDE-46B3-9EC6-12EEFFE33C9F}
		{B2272BBF-B585-4542-A364-94514F62F0AD} = {1AB65EBA-2ED6-453E-B2CD-E2464370E9BB}
	EndGlobalSection
	GlobalSection(ExtensibilityGlobals) = postSolution
		SolutionGuid = {7CDD8E8D-138C-473E-9908-4CBA04BC54D2}
	EndGlobalSection
EndGlobal
